
Microsoft Visual Studio Solution File, Format Version 12.00
# Visual Studio Version 16
VisualStudioVersion = 16.0.30413.136
MinimumVisualStudioVersion = 10.0.40219.1
Project("{888888A0-9F3D-457C-B088-3A5042F75D52}") = "VideoRecordProva1", "VideoRecordProva1\VideoRecordProva1.pyproj", "{2A55D43F-6FA2-4797-ACAC-28EAD96A418B}"
EndProject
Global
	GlobalSection(SolutionConfigurationPlatforms) = preSolution
		Debug|Any CPU = Debug|Any CPU
		Release|Any CPU = Release|Any CPU
	EndGlobalSection
	GlobalSection(ProjectConfigurationPlatforms) = postSolution
		{2A55D43F-6FA2-4797-ACAC-28EAD96A418B}.Debug|Any CPU.ActiveCfg = Debug|Any CPU
		{2A55D43F-6FA2-4797-ACAC-28EAD96A418B}.Release|Any CPU.ActiveCfg = Release|Any CPU
	EndGlobalSection
	GlobalSection(SolutionProperties) = preSolution
		HideSolutionNode = FALSE
	EndGlobalSection
	GlobalSection(ExtensibilityGlobals) = postSolution
		SolutionGuid = {FE9286FD-B74E-486B-A317-841915D2CAFF}
	EndGlobalSection
EndGlobal
